// !$*UTF8*$!
{
	archiveVersion = 1;
	classes = {
	};
	objectVersion = 56;
	objects = {

/* Begin PBXBuildFile section */
		44172D1C2C918A6B00765C26 /* LoginUI.swift in Sources */ = {isa = PBXBuildFile; fileRef = 44172D1B2C918A6B00765C26 /* LoginUI.swift */; };
		44172D1F2C918C9900765C26 /* KakaoSDK in Frameworks */ = {isa = PBXBuildFile; productRef = 44172D1E2C918C9900765C26 /* KakaoSDK */; };
		44172D212C918C9A00765C26 /* KakaoSDKAuth in Frameworks */ = {isa = PBXBuildFile; productRef = 44172D202C918C9900765C26 /* KakaoSDKAuth */; };
		44172D232C918C9A00765C26 /* KakaoSDKCert in Frameworks */ = {isa = PBXBuildFile; productRef = 44172D222C918C9A00765C26 /* KakaoSDKCert */; };
		44172D252C918C9A00765C26 /* KakaoSDKCertCore in Frameworks */ = {isa = PBXBuildFile; productRef = 44172D242C918C9A00765C26 /* KakaoSDKCertCore */; };
		44172D272C918C9A00765C26 /* KakaoSDKCommon in Frameworks */ = {isa = PBXBuildFile; productRef = 44172D262C918C9A00765C26 /* KakaoSDKCommon */; };
		44172D2B2C920BDE00765C26 /* KakaoAuthVM.swift in Sources */ = {isa = PBXBuildFile; fileRef = 44172D2A2C920BDE00765C26 /* KakaoAuthVM.swift */; };
		44172D2E2C92100E00765C26 /* MyPageUI.swift in Sources */ = {isa = PBXBuildFile; fileRef = 44172D2D2C92100E00765C26 /* MyPageUI.swift */; };
		44172D332C92106300765C26 /* Topbar_3.swift in Sources */ = {isa = PBXBuildFile; fileRef = 44172D302C92106300765C26 /* Topbar_3.swift */; };
		44172D342C92106300765C26 /* Topbar_1.swift in Sources */ = {isa = PBXBuildFile; fileRef = 44172D312C92106300765C26 /* Topbar_1.swift */; };
		44172D352C92106300765C26 /* Topbar_2.swift in Sources */ = {isa = PBXBuildFile; fileRef = 44172D322C92106300765C26 /* Topbar_2.swift */; };
		44172D372C92109800765C26 /* Topbar_single.swift in Sources */ = {isa = PBXBuildFile; fileRef = 44172D362C92109800765C26 /* Topbar_single.swift */; };
		44172D392C9213E000765C26 /* myPageUserInfo.swift in Sources */ = {isa = PBXBuildFile; fileRef = 44172D382C9213E000765C26 /* myPageUserInfo.swift */; };
		44172D3B2C9215A200765C26 /* myPageMenu.swift in Sources */ = {isa = PBXBuildFile; fileRef = 44172D3A2C9215A200765C26 /* myPageMenu.swift */; };
		442ADBFC2CA5B72300A79772 /* joinAgreement.swift in Sources */ = {isa = PBXBuildFile; fileRef = 442ADBFB2CA5B72300A79772 /* joinAgreement.swift */; };
		442ADBFE2CA5B7D000A79772 /* radioBtn.swift in Sources */ = {isa = PBXBuildFile; fileRef = 442ADBFD2CA5B7D000A79772 /* radioBtn.swift */; };
		44E88EF92C90CC8500B5BDE5 /* _modooLCK_iOS_App.swift in Sources */ = {isa = PBXBuildFile; fileRef = 44E88EF82C90CC8500B5BDE5 /* _modooLCK_iOS_App.swift */; };
		44E88EFB2C90CC8500B5BDE5 /* ContentView.swift in Sources */ = {isa = PBXBuildFile; fileRef = 44E88EFA2C90CC8500B5BDE5 /* ContentView.swift */; };
		44E88EFD2C90CC8700B5BDE5 /* Assets.xcassets in Resources */ = {isa = PBXBuildFile; fileRef = 44E88EFC2C90CC8700B5BDE5 /* Assets.xcassets */; };
		44E88F002C90CC8700B5BDE5 /* Preview Assets.xcassets in Resources */ = {isa = PBXBuildFile; fileRef = 44E88EFF2C90CC8700B5BDE5 /* Preview Assets.xcassets */; };
		44E88F0A2C90CC8700B5BDE5 /* _modooLCK_iOS_Tests.swift in Sources */ = {isa = PBXBuildFile; fileRef = 44E88F092C90CC8700B5BDE5 /* _modooLCK_iOS_Tests.swift */; };
		44E88F142C90CC8700B5BDE5 /* _modooLCK_iOS_UITests.swift in Sources */ = {isa = PBXBuildFile; fileRef = 44E88F132C90CC8700B5BDE5 /* _modooLCK_iOS_UITests.swift */; };
		44E88F162C90CC8700B5BDE5 /* _modooLCK_iOS_UITestsLaunchTests.swift in Sources */ = {isa = PBXBuildFile; fileRef = 44E88F152C90CC8700B5BDE5 /* _modooLCK_iOS_UITestsLaunchTests.swift */; };
		44E88F2C2C90CE6800B5BDE5 /* homeMatch.swift in Sources */ = {isa = PBXBuildFile; fileRef = 44E88F242C90CE6800B5BDE5 /* homeMatch.swift */; };
		44E88F2D2C90CE6800B5BDE5 /* homeResultCell.swift in Sources */ = {isa = PBXBuildFile; fileRef = 44E88F252C90CE6800B5BDE5 /* homeResultCell.swift */; };
		44E88F2E2C90CE6800B5BDE5 /* HomePolygon.swift in Sources */ = {isa = PBXBuildFile; fileRef = 44E88F262C90CE6800B5BDE5 /* HomePolygon.swift */; };
		44E88F2F2C90CE6800B5BDE5 /* homeButtonEtc.swift in Sources */ = {isa = PBXBuildFile; fileRef = 44E88F272C90CE6800B5BDE5 /* homeButtonEtc.swift */; };
		44E88F302C90CE6800B5BDE5 /* homeResult.swift in Sources */ = {isa = PBXBuildFile; fileRef = 44E88F282C90CE6800B5BDE5 /* homeResult.swift */; };
		44E88F312C90CE6800B5BDE5 /* homeAboutLCK.swift in Sources */ = {isa = PBXBuildFile; fileRef = 44E88F292C90CE6800B5BDE5 /* homeAboutLCK.swift */; };
		44E88F322C90CE6800B5BDE5 /* homeTopbar.swift in Sources */ = {isa = PBXBuildFile; fileRef = 44E88F2A2C90CE6800B5BDE5 /* homeTopbar.swift */; };
		44E88F332C90CE6800B5BDE5 /* HomeUI.swift in Sources */ = {isa = PBXBuildFile; fileRef = 44E88F2B2C90CE6800B5BDE5 /* HomeUI.swift */; };
/* End PBXBuildFile section */

/* Begin PBXContainerItemProxy section */
		44E88F062C90CC8700B5BDE5 /* PBXContainerItemProxy */ = {
			isa = PBXContainerItemProxy;
			containerPortal = 44E88EED2C90CC8500B5BDE5 /* Project object */;
			proxyType = 1;
			remoteGlobalIDString = 44E88EF42C90CC8500B5BDE5;
			remoteInfo = _modooLCK_iOS_;
		};
		44E88F102C90CC8700B5BDE5 /* PBXContainerItemProxy */ = {
			isa = PBXContainerItemProxy;
			containerPortal = 44E88EED2C90CC8500B5BDE5 /* Project object */;
			proxyType = 1;
			remoteGlobalIDString = 44E88EF42C90CC8500B5BDE5;
			remoteInfo = _modooLCK_iOS_;
		};
/* End PBXContainerItemProxy section */

/* Begin PBXFileReference section */
		44172D1B2C918A6B00765C26 /* LoginUI.swift */ = {isa = PBXFileReference; fileEncoding = 4; lastKnownFileType = sourcecode.swift; path = LoginUI.swift; sourceTree = "<group>"; };
		44172D282C918D2300765C26 /* -modooLCK-iOS--Info.plist */ = {isa = PBXFileReference; lastKnownFileType = text.plist; path = "-modooLCK-iOS--Info.plist"; sourceTree = SOURCE_ROOT; };
		44172D292C918DE000765C26 /* Config.xcconfig */ = {isa = PBXFileReference; lastKnownFileType = text.xcconfig; path = Config.xcconfig; sourceTree = "<group>"; };
		44172D2A2C920BDE00765C26 /* KakaoAuthVM.swift */ = {isa = PBXFileReference; lastKnownFileType = sourcecode.swift; path = KakaoAuthVM.swift; sourceTree = "<group>"; };
		44172D2D2C92100E00765C26 /* MyPageUI.swift */ = {isa = PBXFileReference; lastKnownFileType = sourcecode.swift; path = MyPageUI.swift; sourceTree = "<group>"; };
		44172D302C92106300765C26 /* Topbar_3.swift */ = {isa = PBXFileReference; fileEncoding = 4; lastKnownFileType = sourcecode.swift; path = Topbar_3.swift; sourceTree = "<group>"; };
		44172D312C92106300765C26 /* Topbar_1.swift */ = {isa = PBXFileReference; fileEncoding = 4; lastKnownFileType = sourcecode.swift; path = Topbar_1.swift; sourceTree = "<group>"; };
		44172D322C92106300765C26 /* Topbar_2.swift */ = {isa = PBXFileReference; fileEncoding = 4; lastKnownFileType = sourcecode.swift; path = Topbar_2.swift; sourceTree = "<group>"; };
		44172D362C92109800765C26 /* Topbar_single.swift */ = {isa = PBXFileReference; lastKnownFileType = sourcecode.swift; path = Topbar_single.swift; sourceTree = "<group>"; };
		44172D382C9213E000765C26 /* myPageUserInfo.swift */ = {isa = PBXFileReference; lastKnownFileType = sourcecode.swift; path = myPageUserInfo.swift; sourceTree = "<group>"; };
		44172D3A2C9215A200765C26 /* myPageMenu.swift */ = {isa = PBXFileReference; lastKnownFileType = sourcecode.swift; path = myPageMenu.swift; sourceTree = "<group>"; };
		442ADBFB2CA5B72300A79772 /* joinAgreement.swift */ = {isa = PBXFileReference; lastKnownFileType = sourcecode.swift; path = joinAgreement.swift; sourceTree = "<group>"; };
		442ADBFD2CA5B7D000A79772 /* radioBtn.swift */ = {isa = PBXFileReference; lastKnownFileType = sourcecode.swift; path = radioBtn.swift; sourceTree = "<group>"; };
		44E88EF52C90CC8500B5BDE5 /* _modooLCK_iOS_.app */ = {isa = PBXFileReference; explicitFileType = wrapper.application; includeInIndex = 0; path = _modooLCK_iOS_.app; sourceTree = BUILT_PRODUCTS_DIR; };
		44E88EF82C90CC8500B5BDE5 /* _modooLCK_iOS_App.swift */ = {isa = PBXFileReference; lastKnownFileType = sourcecode.swift; path = _modooLCK_iOS_App.swift; sourceTree = "<group>"; };
		44E88EFA2C90CC8500B5BDE5 /* ContentView.swift */ = {isa = PBXFileReference; lastKnownFileType = sourcecode.swift; path = ContentView.swift; sourceTree = "<group>"; };
		44E88EFC2C90CC8700B5BDE5 /* Assets.xcassets */ = {isa = PBXFileReference; lastKnownFileType = folder.assetcatalog; path = Assets.xcassets; sourceTree = "<group>"; };
		44E88EFF2C90CC8700B5BDE5 /* Preview Assets.xcassets */ = {isa = PBXFileReference; lastKnownFileType = folder.assetcatalog; path = "Preview Assets.xcassets"; sourceTree = "<group>"; };
		44E88F052C90CC8700B5BDE5 /* _modooLCK_iOS_Tests.xctest */ = {isa = PBXFileReference; explicitFileType = wrapper.cfbundle; includeInIndex = 0; path = _modooLCK_iOS_Tests.xctest; sourceTree = BUILT_PRODUCTS_DIR; };
		44E88F092C90CC8700B5BDE5 /* _modooLCK_iOS_Tests.swift */ = {isa = PBXFileReference; lastKnownFileType = sourcecode.swift; path = _modooLCK_iOS_Tests.swift; sourceTree = "<group>"; };
		44E88F0F2C90CC8700B5BDE5 /* _modooLCK_iOS_UITests.xctest */ = {isa = PBXFileReference; explicitFileType = wrapper.cfbundle; includeInIndex = 0; path = _modooLCK_iOS_UITests.xctest; sourceTree = BUILT_PRODUCTS_DIR; };
		44E88F132C90CC8700B5BDE5 /* _modooLCK_iOS_UITests.swift */ = {isa = PBXFileReference; lastKnownFileType = sourcecode.swift; path = _modooLCK_iOS_UITests.swift; sourceTree = "<group>"; };
		44E88F152C90CC8700B5BDE5 /* _modooLCK_iOS_UITestsLaunchTests.swift */ = {isa = PBXFileReference; lastKnownFileType = sourcecode.swift; path = _modooLCK_iOS_UITestsLaunchTests.swift; sourceTree = "<group>"; };
		44E88F242C90CE6800B5BDE5 /* homeMatch.swift */ = {isa = PBXFileReference; fileEncoding = 4; lastKnownFileType = sourcecode.swift; path = homeMatch.swift; sourceTree = "<group>"; };
		44E88F252C90CE6800B5BDE5 /* homeResultCell.swift */ = {isa = PBXFileReference; fileEncoding = 4; lastKnownFileType = sourcecode.swift; path = homeResultCell.swift; sourceTree = "<group>"; };
		44E88F262C90CE6800B5BDE5 /* HomePolygon.swift */ = {isa = PBXFileReference; fileEncoding = 4; lastKnownFileType = sourcecode.swift; path = HomePolygon.swift; sourceTree = "<group>"; };
		44E88F272C90CE6800B5BDE5 /* homeButtonEtc.swift */ = {isa = PBXFileReference; fileEncoding = 4; lastKnownFileType = sourcecode.swift; path = homeButtonEtc.swift; sourceTree = "<group>"; };
		44E88F282C90CE6800B5BDE5 /* homeResult.swift */ = {isa = PBXFileReference; fileEncoding = 4; lastKnownFileType = sourcecode.swift; path = homeResult.swift; sourceTree = "<group>"; };
		44E88F292C90CE6800B5BDE5 /* homeAboutLCK.swift */ = {isa = PBXFileReference; fileEncoding = 4; lastKnownFileType = sourcecode.swift; path = homeAboutLCK.swift; sourceTree = "<group>"; };
		44E88F2A2C90CE6800B5BDE5 /* homeTopbar.swift */ = {isa = PBXFileReference; fileEncoding = 4; lastKnownFileType = sourcecode.swift; path = homeTopbar.swift; sourceTree = "<group>"; };
		44E88F2B2C90CE6800B5BDE5 /* HomeUI.swift */ = {isa = PBXFileReference; fileEncoding = 4; lastKnownFileType = sourcecode.swift; path = HomeUI.swift; sourceTree = "<group>"; };
/* End PBXFileReference section */

/* Begin PBXFrameworksBuildPhase section */
		44E88EF22C90CC8500B5BDE5 /* Frameworks */ = {
			isa = PBXFrameworksBuildPhase;
			buildActionMask = 2147483647;
			files = (
				44172D252C918C9A00765C26 /* KakaoSDKCertCore in Frameworks */,
				44172D232C918C9A00765C26 /* KakaoSDKCert in Frameworks */,
				44172D1F2C918C9900765C26 /* KakaoSDK in Frameworks */,
				44172D272C918C9A00765C26 /* KakaoSDKCommon in Frameworks */,
				44172D212C918C9A00765C26 /* KakaoSDKAuth in Frameworks */,
			);
			runOnlyForDeploymentPostprocessing = 0;
		};
		44E88F022C90CC8700B5BDE5 /* Frameworks */ = {
			isa = PBXFrameworksBuildPhase;
			buildActionMask = 2147483647;
			files = (
			);
			runOnlyForDeploymentPostprocessing = 0;
		};
		44E88F0C2C90CC8700B5BDE5 /* Frameworks */ = {
			isa = PBXFrameworksBuildPhase;
			buildActionMask = 2147483647;
			files = (
			);
			runOnlyForDeploymentPostprocessing = 0;
		};
/* End PBXFrameworksBuildPhase section */

/* Begin PBXGroup section */
		44172D1A2C918A5B00765C26 /* Login */ = {
			isa = PBXGroup;
			children = (
				44172D1B2C918A6B00765C26 /* LoginUI.swift */,
				44172D2A2C920BDE00765C26 /* KakaoAuthVM.swift */,
			);
			path = Login;
			sourceTree = "<group>";
		};
		44172D2C2C920FEE00765C26 /* myPage */ = {
			isa = PBXGroup;
			children = (
				44172D2D2C92100E00765C26 /* MyPageUI.swift */,
				44172D382C9213E000765C26 /* myPageUserInfo.swift */,
				44172D3A2C9215A200765C26 /* myPageMenu.swift */,
			);
			path = myPage;
			sourceTree = "<group>";
		};
		44172D2F2C92105600765C26 /* Entension */ = {
			isa = PBXGroup;
			children = (
				44172D312C92106300765C26 /* Topbar_1.swift */,
				44172D322C92106300765C26 /* Topbar_2.swift */,
				44172D302C92106300765C26 /* Topbar_3.swift */,
				44172D362C92109800765C26 /* Topbar_single.swift */,
			);
			path = Entension;
			sourceTree = "<group>";
		};
		442ADBFA2CA5B61B00A79772 /* joinView */ = {
			isa = PBXGroup;
			children = (
				442ADBFB2CA5B72300A79772 /* joinAgreement.swift */,
			);
			path = joinView;
			sourceTree = "<group>";
		};
		44E88EEC2C90CC8500B5BDE5 = {
			isa = PBXGroup;
			children = (
				44E88EF72C90CC8500B5BDE5 /* _modooLCK_iOS_ */,
				44E88F082C90CC8700B5BDE5 /* _modooLCK_iOS_Tests */,
				44E88F122C90CC8700B5BDE5 /* _modooLCK_iOS_UITests */,
				44E88EF62C90CC8500B5BDE5 /* Products */,
			);
			sourceTree = "<group>";
		};
		44E88EF62C90CC8500B5BDE5 /* Products */ = {
			isa = PBXGroup;
			children = (
				44E88EF52C90CC8500B5BDE5 /* _modooLCK_iOS_.app */,
				44E88F052C90CC8700B5BDE5 /* _modooLCK_iOS_Tests.xctest */,
				44E88F0F2C90CC8700B5BDE5 /* _modooLCK_iOS_UITests.xctest */,
			);
			name = Products;
			sourceTree = "<group>";
		};
		44E88EF72C90CC8500B5BDE5 /* _modooLCK_iOS_ */ = {
			isa = PBXGroup;
			children = (
				44172D282C918D2300765C26 /* -modooLCK-iOS--Info.plist */,
				44E88EF82C90CC8500B5BDE5 /* _modooLCK_iOS_App.swift */,
				44E88F222C90CE5300B5BDE5 /* presentation */,
				44E88EFA2C90CC8500B5BDE5 /* ContentView.swift */,
				44E88EFC2C90CC8700B5BDE5 /* Assets.xcassets */,
				44E88EFE2C90CC8700B5BDE5 /* Preview Content */,
				44172D292C918DE000765C26 /* Config.xcconfig */,
			);
			path = _modooLCK_iOS_;
			sourceTree = "<group>";
		};
		44E88EFE2C90CC8700B5BDE5 /* Preview Content */ = {
			isa = PBXGroup;
			children = (
				44E88EFF2C90CC8700B5BDE5 /* Preview Assets.xcassets */,
			);
			path = "Preview Content";
			sourceTree = "<group>";
		};
		44E88F082C90CC8700B5BDE5 /* _modooLCK_iOS_Tests */ = {
			isa = PBXGroup;
			children = (
				44E88F092C90CC8700B5BDE5 /* _modooLCK_iOS_Tests.swift */,
			);
			path = _modooLCK_iOS_Tests;
			sourceTree = "<group>";
		};
		44E88F122C90CC8700B5BDE5 /* _modooLCK_iOS_UITests */ = {
			isa = PBXGroup;
			children = (
				44E88F132C90CC8700B5BDE5 /* _modooLCK_iOS_UITests.swift */,
				44E88F152C90CC8700B5BDE5 /* _modooLCK_iOS_UITestsLaunchTests.swift */,
			);
			path = _modooLCK_iOS_UITests;
			sourceTree = "<group>";
		};
		44E88F222C90CE5300B5BDE5 /* presentation */ = {
			isa = PBXGroup;
			children = (
				442ADBFA2CA5B61B00A79772 /* joinView */,
				44172D2F2C92105600765C26 /* Entension */,
				44172D2C2C920FEE00765C26 /* myPage */,
				44172D1A2C918A5B00765C26 /* Login */,
				44E88F232C90CE5C00B5BDE5 /* home */,
				442ADBFD2CA5B7D000A79772 /* radioBtn.swift */,
			);
			path = presentation;
			sourceTree = "<group>";
		};
		44E88F232C90CE5C00B5BDE5 /* home */ = {
			isa = PBXGroup;
			children = (
				44E88F292C90CE6800B5BDE5 /* homeAboutLCK.swift */,
				44E88F272C90CE6800B5BDE5 /* homeButtonEtc.swift */,
				44E88F242C90CE6800B5BDE5 /* homeMatch.swift */,
				44E88F262C90CE6800B5BDE5 /* HomePolygon.swift */,
				44E88F282C90CE6800B5BDE5 /* homeResult.swift */,
				44E88F252C90CE6800B5BDE5 /* homeResultCell.swift */,
				44E88F2A2C90CE6800B5BDE5 /* homeTopbar.swift */,
				44E88F2B2C90CE6800B5BDE5 /* HomeUI.swift */,
			);
			path = home;
			sourceTree = "<group>";
		};
/* End PBXGroup section */

/* Begin PBXNativeTarget section */
		44E88EF42C90CC8500B5BDE5 /* _modooLCK_iOS_ */ = {
			isa = PBXNativeTarget;
			buildConfigurationList = 44E88F192C90CC8700B5BDE5 /* Build configuration list for PBXNativeTarget "_modooLCK_iOS_" */;
			buildPhases = (
				44E88EF12C90CC8500B5BDE5 /* Sources */,
				44E88EF22C90CC8500B5BDE5 /* Frameworks */,
				44E88EF32C90CC8500B5BDE5 /* Resources */,
			);
			buildRules = (
			);
			dependencies = (
			);
			name = _modooLCK_iOS_;
			packageProductDependencies = (
				44172D1E2C918C9900765C26 /* KakaoSDK */,
				44172D202C918C9900765C26 /* KakaoSDKAuth */,
				44172D222C918C9A00765C26 /* KakaoSDKCert */,
				44172D242C918C9A00765C26 /* KakaoSDKCertCore */,
				44172D262C918C9A00765C26 /* KakaoSDKCommon */,
			);
			productName = _modooLCK_iOS_;
			productReference = 44E88EF52C90CC8500B5BDE5 /* _modooLCK_iOS_.app */;
			productType = "com.apple.product-type.application";
		};
		44E88F042C90CC8700B5BDE5 /* _modooLCK_iOS_Tests */ = {
			isa = PBXNativeTarget;
			buildConfigurationList = 44E88F1C2C90CC8700B5BDE5 /* Build configuration list for PBXNativeTarget "_modooLCK_iOS_Tests" */;
			buildPhases = (
				44E88F012C90CC8700B5BDE5 /* Sources */,
				44E88F022C90CC8700B5BDE5 /* Frameworks */,
				44E88F032C90CC8700B5BDE5 /* Resources */,
			);
			buildRules = (
			);
			dependencies = (
				44E88F072C90CC8700B5BDE5 /* PBXTargetDependency */,
			);
			name = _modooLCK_iOS_Tests;
			productName = _modooLCK_iOS_Tests;
			productReference = 44E88F052C90CC8700B5BDE5 /* _modooLCK_iOS_Tests.xctest */;
			productType = "com.apple.product-type.bundle.unit-test";
		};
		44E88F0E2C90CC8700B5BDE5 /* _modooLCK_iOS_UITests */ = {
			isa = PBXNativeTarget;
			buildConfigurationList = 44E88F1F2C90CC8700B5BDE5 /* Build configuration list for PBXNativeTarget "_modooLCK_iOS_UITests" */;
			buildPhases = (
				44E88F0B2C90CC8700B5BDE5 /* Sources */,
				44E88F0C2C90CC8700B5BDE5 /* Frameworks */,
				44E88F0D2C90CC8700B5BDE5 /* Resources */,
			);
			buildRules = (
			);
			dependencies = (
				44E88F112C90CC8700B5BDE5 /* PBXTargetDependency */,
			);
			name = _modooLCK_iOS_UITests;
			productName = _modooLCK_iOS_UITests;
			productReference = 44E88F0F2C90CC8700B5BDE5 /* _modooLCK_iOS_UITests.xctest */;
			productType = "com.apple.product-type.bundle.ui-testing";
		};
/* End PBXNativeTarget section */

/* Begin PBXProject section */
		44E88EED2C90CC8500B5BDE5 /* Project object */ = {
			isa = PBXProject;
			attributes = {
				BuildIndependentTargetsInParallel = 1;
				LastSwiftUpdateCheck = 1520;
				LastUpgradeCheck = 1520;
				TargetAttributes = {
					44E88EF42C90CC8500B5BDE5 = {
						CreatedOnToolsVersion = 15.2;
					};
					44E88F042C90CC8700B5BDE5 = {
						CreatedOnToolsVersion = 15.2;
						TestTargetID = 44E88EF42C90CC8500B5BDE5;
					};
					44E88F0E2C90CC8700B5BDE5 = {
						CreatedOnToolsVersion = 15.2;
						TestTargetID = 44E88EF42C90CC8500B5BDE5;
					};
				};
			};
			buildConfigurationList = 44E88EF02C90CC8500B5BDE5 /* Build configuration list for PBXProject "_modooLCK_iOS_" */;
			compatibilityVersion = "Xcode 14.0";
			developmentRegion = en;
			hasScannedForEncodings = 0;
			knownRegions = (
				en,
				Base,
			);
			mainGroup = 44E88EEC2C90CC8500B5BDE5;
			packageReferences = (
				44172D1D2C918C9900765C26 /* XCRemoteSwiftPackageReference "kakao-ios-sdk" */,
			);
			productRefGroup = 44E88EF62C90CC8500B5BDE5 /* Products */;
			projectDirPath = "";
			projectRoot = "";
			targets = (
				44E88EF42C90CC8500B5BDE5 /* _modooLCK_iOS_ */,
				44E88F042C90CC8700B5BDE5 /* _modooLCK_iOS_Tests */,
				44E88F0E2C90CC8700B5BDE5 /* _modooLCK_iOS_UITests */,
			);
		};
/* End PBXProject section */

/* Begin PBXResourcesBuildPhase section */
		44E88EF32C90CC8500B5BDE5 /* Resources */ = {
			isa = PBXResourcesBuildPhase;
			buildActionMask = 2147483647;
			files = (
				44E88F002C90CC8700B5BDE5 /* Preview Assets.xcassets in Resources */,
				44E88EFD2C90CC8700B5BDE5 /* Assets.xcassets in Resources */,
			);
			runOnlyForDeploymentPostprocessing = 0;
		};
		44E88F032C90CC8700B5BDE5 /* Resources */ = {
			isa = PBXResourcesBuildPhase;
			buildActionMask = 2147483647;
			files = (
			);
			runOnlyForDeploymentPostprocessing = 0;
		};
		44E88F0D2C90CC8700B5BDE5 /* Resources */ = {
			isa = PBXResourcesBuildPhase;
			buildActionMask = 2147483647;
			files = (
			);
			runOnlyForDeploymentPostprocessing = 0;
		};
/* End PBXResourcesBuildPhase section */

/* Begin PBXSourcesBuildPhase section */
		44E88EF12C90CC8500B5BDE5 /* Sources */ = {
			isa = PBXSourcesBuildPhase;
			buildActionMask = 2147483647;
			files = (
				44E88F322C90CE6800B5BDE5 /* homeTopbar.swift in Sources */,
				44E88F302C90CE6800B5BDE5 /* homeResult.swift in Sources */,
				44172D352C92106300765C26 /* Topbar_2.swift in Sources */,
				44E88F2C2C90CE6800B5BDE5 /* homeMatch.swift in Sources */,
				44172D1C2C918A6B00765C26 /* LoginUI.swift in Sources */,
				44172D372C92109800765C26 /* Topbar_single.swift in Sources */,
				44172D2B2C920BDE00765C26 /* KakaoAuthVM.swift in Sources */,
				44172D3B2C9215A200765C26 /* myPageMenu.swift in Sources */,
				44E88F2F2C90CE6800B5BDE5 /* homeButtonEtc.swift in Sources */,
				44172D2E2C92100E00765C26 /* MyPageUI.swift in Sources */,
				442ADBFC2CA5B72300A79772 /* joinAgreement.swift in Sources */,
				44172D392C9213E000765C26 /* myPageUserInfo.swift in Sources */,
				44E88F312C90CE6800B5BDE5 /* homeAboutLCK.swift in Sources */,
				44E88EFB2C90CC8500B5BDE5 /* ContentView.swift in Sources */,
				44172D342C92106300765C26 /* Topbar_1.swift in Sources */,
				44E88F332C90CE6800B5BDE5 /* HomeUI.swift in Sources */,
				442ADBFE2CA5B7D000A79772 /* radioBtn.swift in Sources */,
				44E88EF92C90CC8500B5BDE5 /* _modooLCK_iOS_App.swift in Sources */,
				44172D332C92106300765C26 /* Topbar_3.swift in Sources */,
				44E88F2D2C90CE6800B5BDE5 /* homeResultCell.swift in Sources */,
				44E88F2E2C90CE6800B5BDE5 /* HomePolygon.swift in Sources */,
			);
			runOnlyForDeploymentPostprocessing = 0;
		};
		44E88F012C90CC8700B5BDE5 /* Sources */ = {
			isa = PBXSourcesBuildPhase;
			buildActionMask = 2147483647;
			files = (
				44E88F0A2C90CC8700B5BDE5 /* _modooLCK_iOS_Tests.swift in Sources */,
			);
			runOnlyForDeploymentPostprocessing = 0;
		};
		44E88F0B2C90CC8700B5BDE5 /* Sources */ = {
			isa = PBXSourcesBuildPhase;
			buildActionMask = 2147483647;
			files = (
				44E88F162C90CC8700B5BDE5 /* _modooLCK_iOS_UITestsLaunchTests.swift in Sources */,
				44E88F142C90CC8700B5BDE5 /* _modooLCK_iOS_UITests.swift in Sources */,
			);
			runOnlyForDeploymentPostprocessing = 0;
		};
/* End PBXSourcesBuildPhase section */

/* Begin PBXTargetDependency section */
		44E88F072C90CC8700B5BDE5 /* PBXTargetDependency */ = {
			isa = PBXTargetDependency;
			target = 44E88EF42C90CC8500B5BDE5 /* _modooLCK_iOS_ */;
			targetProxy = 44E88F062C90CC8700B5BDE5 /* PBXContainerItemProxy */;
		};
		44E88F112C90CC8700B5BDE5 /* PBXTargetDependency */ = {
			isa = PBXTargetDependency;
			target = 44E88EF42C90CC8500B5BDE5 /* _modooLCK_iOS_ */;
			targetProxy = 44E88F102C90CC8700B5BDE5 /* PBXContainerItemProxy */;
		};
/* End PBXTargetDependency section */

/* Begin XCBuildConfiguration section */
		44E88F172C90CC8700B5BDE5 /* Debug */ = {
			isa = XCBuildConfiguration;
			baseConfigurationReference = 44172D292C918DE000765C26 /* Config.xcconfig */;
			buildSettings = {
				ALWAYS_SEARCH_USER_PATHS = NO;
				ASSETCATALOG_COMPILER_GENERATE_SWIFT_ASSET_SYMBOL_EXTENSIONS = YES;
				CLANG_ANALYZER_NONNULL = YES;
				CLANG_ANALYZER_NUMBER_OBJECT_CONVERSION = YES_AGGRESSIVE;
				CLANG_CXX_LANGUAGE_STANDARD = "gnu++20";
				CLANG_ENABLE_MODULES = YES;
				CLANG_ENABLE_OBJC_ARC = YES;
				CLANG_ENABLE_OBJC_WEAK = YES;
				CLANG_WARN_BLOCK_CAPTURE_AUTORELEASING = YES;
				CLANG_WARN_BOOL_CONVERSION = YES;
				CLANG_WARN_COMMA = YES;
				CLANG_WARN_CONSTANT_CONVERSION = YES;
				CLANG_WARN_DEPRECATED_OBJC_IMPLEMENTATIONS = YES;
				CLANG_WARN_DIRECT_OBJC_ISA_USAGE = YES_ERROR;
				CLANG_WARN_DOCUMENTATION_COMMENTS = YES;
				CLANG_WARN_EMPTY_BODY = YES;
				CLANG_WARN_ENUM_CONVERSION = YES;
				CLANG_WARN_INFINITE_RECURSION = YES;
				CLANG_WARN_INT_CONVERSION = YES;
				CLANG_WARN_NON_LITERAL_NULL_CONVERSION = YES;
				CLANG_WARN_OBJC_IMPLICIT_RETAIN_SELF = YES;
				CLANG_WARN_OBJC_LITERAL_CONVERSION = YES;
				CLANG_WARN_OBJC_ROOT_CLASS = YES_ERROR;
				CLANG_WARN_QUOTED_INCLUDE_IN_FRAMEWORK_HEADER = YES;
				CLANG_WARN_RANGE_LOOP_ANALYSIS = YES;
				CLANG_WARN_STRICT_PROTOTYPES = YES;
				CLANG_WARN_SUSPICIOUS_MOVE = YES;
				CLANG_WARN_UNGUARDED_AVAILABILITY = YES_AGGRESSIVE;
				CLANG_WARN_UNREACHABLE_CODE = YES;
				CLANG_WARN__DUPLICATE_METHOD_MATCH = YES;
				COPY_PHASE_STRIP = NO;
				DEBUG_INFORMATION_FORMAT = dwarf;
				ENABLE_STRICT_OBJC_MSGSEND = YES;
				ENABLE_TESTABILITY = YES;
				ENABLE_USER_SCRIPT_SANDBOXING = YES;
				GCC_C_LANGUAGE_STANDARD = gnu17;
				GCC_DYNAMIC_NO_PIC = NO;
				GCC_NO_COMMON_BLOCKS = YES;
				GCC_OPTIMIZATION_LEVEL = 0;
				GCC_PREPROCESSOR_DEFINITIONS = (
					"DEBUG=1",
					"$(inherited)",
				);
				GCC_WARN_64_TO_32_BIT_CONVERSION = YES;
				GCC_WARN_ABOUT_RETURN_TYPE = YES_ERROR;
				GCC_WARN_UNDECLARED_SELECTOR = YES;
				GCC_WARN_UNINITIALIZED_AUTOS = YES_AGGRESSIVE;
				GCC_WARN_UNUSED_FUNCTION = YES;
				GCC_WARN_UNUSED_VARIABLE = YES;
				IPHONEOS_DEPLOYMENT_TARGET = 17.2;
				LOCALIZATION_PREFERS_STRING_CATALOGS = YES;
				MTL_ENABLE_DEBUG_INFO = INCLUDE_SOURCE;
				MTL_FAST_MATH = YES;
				ONLY_ACTIVE_ARCH = YES;
				SDKROOT = iphoneos;
				SWIFT_ACTIVE_COMPILATION_CONDITIONS = "DEBUG $(inherited)";
				SWIFT_OPTIMIZATION_LEVEL = "-Onone";
			};
			name = Debug;
		};
		44E88F182C90CC8700B5BDE5 /* Release */ = {
			isa = XCBuildConfiguration;
			baseConfigurationReference = 44172D292C918DE000765C26 /* Config.xcconfig */;
			buildSettings = {
				ALWAYS_SEARCH_USER_PATHS = NO;
				ASSETCATALOG_COMPILER_GENERATE_SWIFT_ASSET_SYMBOL_EXTENSIONS = YES;
				CLANG_ANALYZER_NONNULL = YES;
				CLANG_ANALYZER_NUMBER_OBJECT_CONVERSION = YES_AGGRESSIVE;
				CLANG_CXX_LANGUAGE_STANDARD = "gnu++20";
				CLANG_ENABLE_MODULES = YES;
				CLANG_ENABLE_OBJC_ARC = YES;
				CLANG_ENABLE_OBJC_WEAK = YES;
				CLANG_WARN_BLOCK_CAPTURE_AUTORELEASING = YES;
				CLANG_WARN_BOOL_CONVERSION = YES;
				CLANG_WARN_COMMA = YES;
				CLANG_WARN_CONSTANT_CONVERSION = YES;
				CLANG_WARN_DEPRECATED_OBJC_IMPLEMENTATIONS = YES;
				CLANG_WARN_DIRECT_OBJC_ISA_USAGE = YES_ERROR;
				CLANG_WARN_DOCUMENTATION_COMMENTS = YES;
				CLANG_WARN_EMPTY_BODY = YES;
				CLANG_WARN_ENUM_CONVERSION = YES;
				CLANG_WARN_INFINITE_RECURSION = YES;
				CLANG_WARN_INT_CONVERSION = YES;
				CLANG_WARN_NON_LITERAL_NULL_CONVERSION = YES;
				CLANG_WARN_OBJC_IMPLICIT_RETAIN_SELF = YES;
				CLANG_WARN_OBJC_LITERAL_CONVERSION = YES;
				CLANG_WARN_OBJC_ROOT_CLASS = YES_ERROR;
				CLANG_WARN_QUOTED_INCLUDE_IN_FRAMEWORK_HEADER = YES;
				CLANG_WARN_RANGE_LOOP_ANALYSIS = YES;
				CLANG_WARN_STRICT_PROTOTYPES = YES;
				CLANG_WARN_SUSPICIOUS_MOVE = YES;
				CLANG_WARN_UNGUARDED_AVAILABILITY = YES_AGGRESSIVE;
				CLANG_WARN_UNREACHABLE_CODE = YES;
				CLANG_WARN__DUPLICATE_METHOD_MATCH = YES;
				COPY_PHASE_STRIP = NO;
				DEBUG_INFORMATION_FORMAT = "dwarf-with-dsym";
				ENABLE_NS_ASSERTIONS = NO;
				ENABLE_STRICT_OBJC_MSGSEND = YES;
				ENABLE_USER_SCRIPT_SANDBOXING = YES;
				GCC_C_LANGUAGE_STANDARD = gnu17;
				GCC_NO_COMMON_BLOCKS = YES;
				GCC_WARN_64_TO_32_BIT_CONVERSION = YES;
				GCC_WARN_ABOUT_RETURN_TYPE = YES_ERROR;
				GCC_WARN_UNDECLARED_SELECTOR = YES;
				GCC_WARN_UNINITIALIZED_AUTOS = YES_AGGRESSIVE;
				GCC_WARN_UNUSED_FUNCTION = YES;
				GCC_WARN_UNUSED_VARIABLE = YES;
				IPHONEOS_DEPLOYMENT_TARGET = 17.2;
				LOCALIZATION_PREFERS_STRING_CATALOGS = YES;
				MTL_ENABLE_DEBUG_INFO = NO;
				MTL_FAST_MATH = YES;
				SDKROOT = iphoneos;
				SWIFT_COMPILATION_MODE = wholemodule;
				VALIDATE_PRODUCT = YES;
			};
			name = Release;
		};
		44E88F1A2C90CC8700B5BDE5 /* Debug */ = {
			isa = XCBuildConfiguration;
			baseConfigurationReference = 44172D292C918DE000765C26 /* Config.xcconfig */;
			buildSettings = {
				ASSETCATALOG_COMPILER_APPICON_NAME = AppIcon;
				ASSETCATALOG_COMPILER_GLOBAL_ACCENT_COLOR_NAME = AccentColor;
				CODE_SIGN_STYLE = Automatic;
				CURRENT_PROJECT_VERSION = 1;
				DEVELOPMENT_ASSET_PATHS = "\"_modooLCK_iOS_/Preview Content\"";
				DEVELOPMENT_TEAM = 67UN56656H;
				ENABLE_PREVIEWS = YES;
				GENERATE_INFOPLIST_FILE = YES;
				INFOPLIST_FILE = "-modooLCK-iOS--Info.plist";
				INFOPLIST_KEY_UIApplicationSceneManifest_Generation = YES;
				INFOPLIST_KEY_UIApplicationSupportsIndirectInputEvents = YES;
				INFOPLIST_KEY_UILaunchScreen_Generation = YES;
				INFOPLIST_KEY_UISupportedInterfaceOrientations_iPad = "UIInterfaceOrientationPortrait UIInterfaceOrientationPortraitUpsideDown UIInterfaceOrientationLandscapeLeft UIInterfaceOrientationLandscapeRight";
				INFOPLIST_KEY_UISupportedInterfaceOrientations_iPhone = "UIInterfaceOrientationPortrait UIInterfaceOrientationLandscapeLeft UIInterfaceOrientationLandscapeRight";
				LD_RUNPATH_SEARCH_PATHS = (
					"$(inherited)",
					"@executable_path/Frameworks",
				);
				MARKETING_VERSION = 1.0;
				PRODUCT_BUNDLE_IDENTIFIER = "nye.-modooLCK-iOS-";
				PRODUCT_NAME = "$(TARGET_NAME)";
				SWIFT_EMIT_LOC_STRINGS = YES;
				SWIFT_VERSION = 5.0;
				TARGETED_DEVICE_FAMILY = "1,2";
			};
			name = Debug;
		};
		44E88F1B2C90CC8700B5BDE5 /* Release */ = {
			isa = XCBuildConfiguration;
			baseConfigurationReference = 44172D292C918DE000765C26 /* Config.xcconfig */;
			buildSettings = {
				ASSETCATALOG_COMPILER_APPICON_NAME = AppIcon;
				ASSETCATALOG_COMPILER_GLOBAL_ACCENT_COLOR_NAME = AccentColor;
				CODE_SIGN_STYLE = Automatic;
				CURRENT_PROJECT_VERSION = 1;
				DEVELOPMENT_ASSET_PATHS = "\"_modooLCK_iOS_/Preview Content\"";
				DEVELOPMENT_TEAM = 67UN56656H;
				ENABLE_PREVIEWS = YES;
				GENERATE_INFOPLIST_FILE = YES;
				INFOPLIST_FILE = "-modooLCK-iOS--Info.plist";
				INFOPLIST_KEY_UIApplicationSceneManifest_Generation = YES;
				INFOPLIST_KEY_UIApplicationSupportsIndirectInputEvents = YES;
				INFOPLIST_KEY_UILaunchScreen_Generation = YES;
				INFOPLIST_KEY_UISupportedInterfaceOrientations_iPad = "UIInterfaceOrientationPortrait UIInterfaceOrientationPortraitUpsideDown UIInterfaceOrientationLandscapeLeft UIInterfaceOrientationLandscapeRight";
				INFOPLIST_KEY_UISupportedInterfaceOrientations_iPhone = "UIInterfaceOrientationPortrait UIInterfaceOrientationLandscapeLeft UIInterfaceOrientationLandscapeRight";
				LD_RUNPATH_SEARCH_PATHS = (
					"$(inherited)",
					"@executable_path/Frameworks",
				);
				MARKETING_VERSION = 1.0;
				PRODUCT_BUNDLE_IDENTIFIER = "nye.-modooLCK-iOS-";
				PRODUCT_NAME = "$(TARGET_NAME)";
				SWIFT_EMIT_LOC_STRINGS = YES;
				SWIFT_VERSION = 5.0;
				TARGETED_DEVICE_FAMILY = "1,2";
			};
			name = Release;
		};
		44E88F1D2C90CC8700B5BDE5 /* Debug */ = {
			isa = XCBuildConfiguration;
			buildSettings = {
				ALWAYS_EMBED_SWIFT_STANDARD_LIBRARIES = YES;
				BUNDLE_LOADER = "$(TEST_HOST)";
				CODE_SIGN_STYLE = Automatic;
				CURRENT_PROJECT_VERSION = 1;
				DEVELOPMENT_TEAM = 67UN56656H;
				GENERATE_INFOPLIST_FILE = YES;
				IPHONEOS_DEPLOYMENT_TARGET = 17.2;
				MARKETING_VERSION = 1.0;
				PRODUCT_BUNDLE_IDENTIFIER = "nye.-modooLCK-iOS-Tests";
				PRODUCT_NAME = "$(TARGET_NAME)";
				SWIFT_EMIT_LOC_STRINGS = NO;
				SWIFT_VERSION = 5.0;
				TARGETED_DEVICE_FAMILY = "1,2";
				TEST_HOST = "$(BUILT_PRODUCTS_DIR)/_modooLCK_iOS_.app/$(BUNDLE_EXECUTABLE_FOLDER_PATH)/_modooLCK_iOS_";
			};
			name = Debug;
		};
		44E88F1E2C90CC8700B5BDE5 /* Release */ = {
			isa = XCBuildConfiguration;
			buildSettings = {
				ALWAYS_EMBED_SWIFT_STANDARD_LIBRARIES = YES;
				BUNDLE_LOADER = "$(TEST_HOST)";
				CODE_SIGN_STYLE = Automatic;
				CURRENT_PROJECT_VERSION = 1;
				DEVELOPMENT_TEAM = 67UN56656H;
				GENERATE_INFOPLIST_FILE = YES;
				IPHONEOS_DEPLOYMENT_TARGET = 17.2;
				MARKETING_VERSION = 1.0;
				PRODUCT_BUNDLE_IDENTIFIER = "nye.-modooLCK-iOS-Tests";
				PRODUCT_NAME = "$(TARGET_NAME)";
				SWIFT_EMIT_LOC_STRINGS = NO;
				SWIFT_VERSION = 5.0;
				TARGETED_DEVICE_FAMILY = "1,2";
				TEST_HOST = "$(BUILT_PRODUCTS_DIR)/_modooLCK_iOS_.app/$(BUNDLE_EXECUTABLE_FOLDER_PATH)/_modooLCK_iOS_";
			};
			name = Release;
		};
		44E88F202C90CC8700B5BDE5 /* Debug */ = {
			isa = XCBuildConfiguration;
			buildSettings = {
				ALWAYS_EMBED_SWIFT_STANDARD_LIBRARIES = YES;
				CODE_SIGN_STYLE = Automatic;
				CURRENT_PROJECT_VERSION = 1;
				DEVELOPMENT_TEAM = 67UN56656H;
				GENERATE_INFOPLIST_FILE = YES;
				MARKETING_VERSION = 1.0;
				PRODUCT_BUNDLE_IDENTIFIER = "nye.-modooLCK-iOS-UITests";
				PRODUCT_NAME = "$(TARGET_NAME)";
				SWIFT_EMIT_LOC_STRINGS = NO;
				SWIFT_VERSION = 5.0;
				TARGETED_DEVICE_FAMILY = "1,2";
				TEST_TARGET_NAME = _modooLCK_iOS_;
			};
			name = Debug;
		};
		44E88F212C90CC8700B5BDE5 /* Release */ = {
			isa = XCBuildConfiguration;
			buildSettings = {
				ALWAYS_EMBED_SWIFT_STANDARD_LIBRARIES = YES;
				CODE_SIGN_STYLE = Automatic;
				CURRENT_PROJECT_VERSION = 1;
				DEVELOPMENT_TEAM = 67UN56656H;
				GENERATE_INFOPLIST_FILE = YES;
				MARKETING_VERSION = 1.0;
				PRODUCT_BUNDLE_IDENTIFIER = "nye.-modooLCK-iOS-UITests";
				PRODUCT_NAME = "$(TARGET_NAME)";
				SWIFT_EMIT_LOC_STRINGS = NO;
				SWIFT_VERSION = 5.0;
				TARGETED_DEVICE_FAMILY = "1,2";
				TEST_TARGET_NAME = _modooLCK_iOS_;
			};
			name = Release;
		};
/* End XCBuildConfiguration section */

/* Begin XCConfigurationList section */
		44E88EF02C90CC8500B5BDE5 /* Build configuration list for PBXProject "_modooLCK_iOS_" */ = {
			isa = XCConfigurationList;
			buildConfigurations = (
				44E88F172C90CC8700B5BDE5 /* Debug */,
				44E88F182C90CC8700B5BDE5 /* Release */,
			);
			defaultConfigurationIsVisible = 0;
			defaultConfigurationName = Release;
		};
		44E88F192C90CC8700B5BDE5 /* Build configuration list for PBXNativeTarget "_modooLCK_iOS_" */ = {
			isa = XCConfigurationList;
			buildConfigurations = (
				44E88F1A2C90CC8700B5BDE5 /* Debug */,
				44E88F1B2C90CC8700B5BDE5 /* Release */,
			);
			defaultConfigurationIsVisible = 0;
			defaultConfigurationName = Release;
		};
		44E88F1C2C90CC8700B5BDE5 /* Build configuration list for PBXNativeTarget "_modooLCK_iOS_Tests" */ = {
			isa = XCConfigurationList;
			buildConfigurations = (
				44E88F1D2C90CC8700B5BDE5 /* Debug */,
				44E88F1E2C90CC8700B5BDE5 /* Release */,
			);
			defaultConfigurationIsVisible = 0;
			defaultConfigurationName = Release;
		};
		44E88F1F2C90CC8700B5BDE5 /* Build configuration list for PBXNativeTarget "_modooLCK_iOS_UITests" */ = {
			isa = XCConfigurationList;
			buildConfigurations = (
				44E88F202C90CC8700B5BDE5 /* Debug */,
				44E88F212C90CC8700B5BDE5 /* Release */,
			);
			defaultConfigurationIsVisible = 0;
			defaultConfigurationName = Release;
		};
/* End XCConfigurationList section */

/* Begin XCRemoteSwiftPackageReference section */
		44172D1D2C918C9900765C26 /* XCRemoteSwiftPackageReference "kakao-ios-sdk" */ = {
			isa = XCRemoteSwiftPackageReference;
			repositoryURL = "https://github.com/kakao/kakao-ios-sdk";
			requirement = {
				branch = master;
				kind = branch;
			};
		};
/* End XCRemoteSwiftPackageReference section */

/* Begin XCSwiftPackageProductDependency section */
		44172D1E2C918C9900765C26 /* KakaoSDK */ = {
			isa = XCSwiftPackageProductDependency;
			package = 44172D1D2C918C9900765C26 /* XCRemoteSwiftPackageReference "kakao-ios-sdk" */;
			productName = KakaoSDK;
		};
		44172D202C918C9900765C26 /* KakaoSDKAuth */ = {
			isa = XCSwiftPackageProductDependency;
			package = 44172D1D2C918C9900765C26 /* XCRemoteSwiftPackageReference "kakao-ios-sdk" */;
			productName = KakaoSDKAuth;
		};
		44172D222C918C9A00765C26 /* KakaoSDKCert */ = {
			isa = XCSwiftPackageProductDependency;
			package = 44172D1D2C918C9900765C26 /* XCRemoteSwiftPackageReference "kakao-ios-sdk" */;
			productName = KakaoSDKCert;
		};
		44172D242C918C9A00765C26 /* KakaoSDKCertCore */ = {
			isa = XCSwiftPackageProductDependency;
			package = 44172D1D2C918C9900765C26 /* XCRemoteSwiftPackageReference "kakao-ios-sdk" */;
			productName = KakaoSDKCertCore;
		};
		44172D262C918C9A00765C26 /* KakaoSDKCommon */ = {
			isa = XCSwiftPackageProductDependency;
			package = 44172D1D2C918C9900765C26 /* XCRemoteSwiftPackageReference "kakao-ios-sdk" */;
			productName = KakaoSDKCommon;
		};
/* End XCSwiftPackageProductDependency section */
	};
	rootObject = 44E88EED2C90CC8500B5BDE5 /* Project object */;
}
